
Microsoft Visual Studio Solution File, Format Version 12.00
# Visual Studio Version 16
VisualStudioVersion = 16.0.30320.27
MinimumVisualStudioVersion = 10.0.40219.1
Project("{9A19103F-16F7-4668-BE54-9A1E7A4F7556}") = "SpotifyInterop", "SpotifyInterop\SpotifyInterop.csproj", "{7FB4428A-E109-47F3-A023-4B0A42324EE0}"
EndProject
Project("{FAE04EC0-301F-11D3-BF4B-00C04F79EFBC}") = "SpotifyInteropTest", "SpotifyInteropTest\SpotifyInteropTest.csproj", "{F58C7625-D059-410A-B2A0-6C5DBD6FC78E}"
EndProject
Global
	GlobalSection(SolutionConfigurationPlatforms) = preSolution
		Debug|Any CPU = Debug|Any CPU
		Release|Any CPU = Release|Any CPU
	EndGlobalSection
	GlobalSection(ProjectConfigurationPlatforms) = postSolution
		{7FB4428A-E109-47F3-A023-4B0A42324EE0}.Debug|Any CPU.ActiveCfg = Debug|Any CPU
		{7FB4428A-E109-47F3-A023-4B0A42324EE0}.Debug|Any CPU.Build.0 = Debug|Any CPU
		{7FB4428A-E109-47F3-A023-4B0A42324EE0}.Release|Any CPU.ActiveCfg = Release|Any CPU
		{7FB4428A-E109-47F3-A023-4B0A42324EE0}.Release|Any CPU.Build.0 = Release|Any CPU
		{F58C7625-D059-410A-B2A0-6C5DBD6FC78E}.Debug|Any CPU.ActiveCfg = Debug|Any CPU
		{F58C7625-D059-410A-B2A0-6C5DBD6FC78E}.Debug|Any CPU.Build.0 = Debug|Any CPU
		{F58C7625-D059-410A-B2A0-6C5DBD6FC78E}.Release|Any CPU.ActiveCfg = Release|Any CPU
		{F58C7625-D059-410A-B2A0-6C5DBD6FC78E}.Release|Any CPU.Build.0 = Release|Any CPU
	EndGlobalSection
	GlobalSection(SolutionProperties) = preSolution
		HideSolutionNode = FALSE
	EndGlobalSection
	GlobalSection(ExtensibilityGlobals) = postSolution
		SolutionGuid = {7A66D995-75D6-4CBD-8F95-C105F8076E64}
	EndGlobalSection
EndGlobal
